
Microsoft Visual Studio Solution File, Format Version 12.00
# Visual Studio Version 16
VisualStudioVersion = 16.0.31424.327
MinimumVisualStudioVersion = 10.0.40219.1
Project("{FAE04EC0-301F-11D3-BF4B-00C04F79EFBC}") = "Seccion_22_API", "Seccion_22_API\Seccion_22_API.csproj", "{A077C7CF-8032-48D4-AC32-F66AF54A94CA}"
EndProject
Global
	GlobalSection(SolutionConfigurationPlatforms) = preSolution
		Debug|Any CPU = Debug|Any CPU
		Release|Any CPU = Release|Any CPU
	EndGlobalSection
	GlobalSection(ProjectConfigurationPlatforms) = postSolution
		{A077C7CF-8032-48D4-AC32-F66AF54A94CA}.Debug|Any CPU.ActiveCfg = Debug|Any CPU
		{A077C7CF-8032-48D4-AC32-F66AF54A94CA}.Debug|Any CPU.Build.0 = Debug|Any CPU
		{A077C7CF-8032-48D4-AC32-F66AF54A94CA}.Release|Any CPU.ActiveCfg = Release|Any CPU
		{A077C7CF-8032-48D4-AC32-F66AF54A94CA}.Release|Any CPU.Build.0 = Release|Any CPU
	EndGlobalSection
	GlobalSection(SolutionProperties) = preSolution
		HideSolutionNode = FALSE
	EndGlobalSection
	GlobalSection(ExtensibilityGlobals) = postSolution
		SolutionGuid = {EA52AD2B-6257-4CCF-A02F-A02B090FC426}
	EndGlobalSection
EndGlobal
