
Microsoft Visual Studio Solution File, Format Version 12.00
# Visual Studio Version 16
VisualStudioVersion = 16.0.31424.327
MinimumVisualStudioVersion = 10.0.40219.1
Project("{FAE04EC0-301F-11D3-BF4B-00C04F79EFBC}") = "Seccion_10_Interfaces", "Seccion_10_Interfaces\Seccion_10_Interfaces.csproj", "{2E4726C8-B4C4-490E-B468-B613F951368B}"
EndProject
Global
	GlobalSection(SolutionConfigurationPlatforms) = preSolution
		Debug|Any CPU = Debug|Any CPU
		Release|Any CPU = Release|Any CPU
	EndGlobalSection
	GlobalSection(ProjectConfigurationPlatforms) = postSolution
		{2E4726C8-B4C4-490E-B468-B613F951368B}.Debug|Any CPU.ActiveCfg = Debug|Any CPU
		{2E4726C8-B4C4-490E-B468-B613F951368B}.Debug|Any CPU.Build.0 = Debug|Any CPU
		{2E4726C8-B4C4-490E-B468-B613F951368B}.Release|Any CPU.ActiveCfg = Release|Any CPU
		{2E4726C8-B4C4-490E-B468-B613F951368B}.Release|Any CPU.Build.0 = Release|Any CPU
	EndGlobalSection
	GlobalSection(SolutionProperties) = preSolution
		HideSolutionNode = FALSE
	EndGlobalSection
	GlobalSection(ExtensibilityGlobals) = postSolution
		SolutionGuid = {B49D2695-D3B3-43EE-9FDF-BBE5CD74E1AD}
	EndGlobalSection
EndGlobal
